
Microsoft Visual Studio Solution File, Format Version 12.00
# Visual Studio Version 16
VisualStudioVersion = 25.0.1706.4
MinimumVisualStudioVersion = 10.0.40219.1
Project("{FAE04EC0-301F-11D3-BF4B-00C04F79EFBC}") = "MiNotSoSimpleApp", "MiNotSoSimpleApp.csproj", "{5D3005F2-2890-4DCB-B6FF-4F025F7767C5}"
EndProject
Project("{FAE04EC0-301F-11D3-BF4B-00C04F79EFBC}") = "MiNotSoSimpleAppTests", "..\MiNotSoSimpleAppTests\MiNotSoSimpleAppTests.csproj", "{78C30B34-FF5B-47E4-870E-2899B78F12EA}"
EndProject
Global
	GlobalSection(SolutionConfigurationPlatforms) = preSolution
		Debug|Any CPU = Debug|Any CPU
		Release|Any CPU = Release|Any CPU
	EndGlobalSection
	GlobalSection(ProjectConfigurationPlatforms) = postSolution
		{5D3005F2-2890-4DCB-B6FF-4F025F7767C5}.Debug|Any CPU.ActiveCfg = Debug|Any CPU
		{5D3005F2-2890-4DCB-B6FF-4F025F7767C5}.Debug|Any CPU.Build.0 = Debug|Any CPU
		{5D3005F2-2890-4DCB-B6FF-4F025F7767C5}.Release|Any CPU.ActiveCfg = Release|Any CPU
		{5D3005F2-2890-4DCB-B6FF-4F025F7767C5}.Release|Any CPU.Build.0 = Release|Any CPU
		{78C30B34-FF5B-47E4-870E-2899B78F12EA}.Debug|Any CPU.ActiveCfg = Debug|Any CPU
		{78C30B34-FF5B-47E4-870E-2899B78F12EA}.Debug|Any CPU.Build.0 = Debug|Any CPU
		{78C30B34-FF5B-47E4-870E-2899B78F12EA}.Release|Any CPU.ActiveCfg = Release|Any CPU
		{78C30B34-FF5B-47E4-870E-2899B78F12EA}.Release|Any CPU.Build.0 = Release|Any CPU
	EndGlobalSection
	GlobalSection(SolutionProperties) = preSolution
		HideSolutionNode = FALSE
	EndGlobalSection
	GlobalSection(ExtensibilityGlobals) = postSolution
		SolutionGuid = {3A8CFCD4-F8A5-4C4B-A34F-4D995EEF0569}
	EndGlobalSection
EndGlobal
